
Microsoft Visual Studio Solution File, Format Version 12.00
# Visual Studio Version 17
VisualStudioVersion = 17.7.34031.279
MinimumVisualStudioVersion = 10.0.40219.1
Project("{8BC9CEB8-8B4A-11D0-8D11-00A0C91BC942}") = "DELETION OF SAME DATA FROM SORTED LINKED LIST", "DELETION OF SAME DATA FROM SORTED LINKED LIST\DELETION OF SAME DATA FROM SORTED LINKED LIST.vcxproj", "{824D4256-6D65-47FE-8A6A-2700B2403032}"
EndProject
Global
	GlobalSection(SolutionConfigurationPlatforms) = preSolution
		Debug|x64 = Debug|x64
		Debug|x86 = Debug|x86
		Release|x64 = Release|x64
		Release|x86 = Release|x86
	EndGlobalSection
	GlobalSection(ProjectConfigurationPlatforms) = postSolution
		{824D4256-6D65-47FE-8A6A-2700B2403032}.Debug|x64.ActiveCfg = Debug|x64
		{824D4256-6D65-47FE-8A6A-2700B2403032}.Debug|x64.Build.0 = Debug|x64
		{824D4256-6D65-47FE-8A6A-2700B2403032}.Debug|x86.ActiveCfg = Debug|Win32
		{824D4256-6D65-47FE-8A6A-2700B2403032}.Debug|x86.Build.0 = Debug|Win32
		{824D4256-6D65-47FE-8A6A-2700B2403032}.Release|x64.ActiveCfg = Release|x64
		{824D4256-6D65-47FE-8A6A-2700B2403032}.Release|x64.Build.0 = Release|x64
		{824D4256-6D65-47FE-8A6A-2700B2403032}.Release|x86.ActiveCfg = Release|Win32
		{824D4256-6D65-47FE-8A6A-2700B2403032}.Release|x86.Build.0 = Release|Win32
	EndGlobalSection
	GlobalSection(SolutionProperties) = preSolution
		HideSolutionNode = FALSE
	EndGlobalSection
	GlobalSection(ExtensibilityGlobals) = postSolution
		SolutionGuid = {0BCD91FD-D105-4965-A523-B71F3E25B251}
	EndGlobalSection
EndGlobal
